
Microsoft Visual Studio Solution File, Format Version 12.00
# Visual Studio Version 17
VisualStudioVersion = 17.4.33213.308
MinimumVisualStudioVersion = 10.0.40219.1
Project("{FAE04EC0-301F-11D3-BF4B-00C04F79EFBC}") = "TrabalhoClasses", "TrabalhoClasses\TrabalhoClasses.csproj", "{48DEC5DB-C218-49EE-BD20-A7820D1E24E3}"
EndProject
Global
	GlobalSection(SolutionConfigurationPlatforms) = preSolution
		Debug|Any CPU = Debug|Any CPU
		Release|Any CPU = Release|Any CPU
	EndGlobalSection
	GlobalSection(ProjectConfigurationPlatforms) = postSolution
		{48DEC5DB-C218-49EE-BD20-A7820D1E24E3}.Debug|Any CPU.ActiveCfg = Debug|Any CPU
		{48DEC5DB-C218-49EE-BD20-A7820D1E24E3}.Debug|Any CPU.Build.0 = Debug|Any CPU
		{48DEC5DB-C218-49EE-BD20-A7820D1E24E3}.Release|Any CPU.ActiveCfg = Release|Any CPU
		{48DEC5DB-C218-49EE-BD20-A7820D1E24E3}.Release|Any CPU.Build.0 = Release|Any CPU
	EndGlobalSection
	GlobalSection(SolutionProperties) = preSolution
		HideSolutionNode = FALSE
	EndGlobalSection
	GlobalSection(ExtensibilityGlobals) = postSolution
		SolutionGuid = {F79EA3A4-78E1-4F3D-980D-2DE190BFC3F0}
	EndGlobalSection
EndGlobal
